
Microsoft Visual Studio Solution File, Format Version 12.00
# Visual Studio 15
VisualStudioVersion = 15.0.28010.2050
MinimumVisualStudioVersion = 10.0.40219.1
Project("{FAE04EC0-301F-11D3-BF4B-00C04F79EFBC}") = "ImageTestGallery.Android", "ImageTestGallery\ImageTestGallery.Android\ImageTestGallery.Android.csproj", "{D7C03D27-D7C5-4F97-815B-5E5C23DDB3AE}"
EndProject
Project("{FAE04EC0-301F-11D3-BF4B-00C04F79EFBC}") = "ImageTestGallery.iOS", "ImageTestGallery\ImageTestGallery.iOS\ImageTestGallery.iOS.csproj", "{ACEE640E-9A02-42C9-861A-57D122CA9E13}"
EndProject
Project("{FAE04EC0-301F-11D3-BF4B-00C04F79EFBC}") = "ImageTestGallery", "ImageTestGallery\ImageTestGallery\ImageTestGallery.csproj", "{667359CE-7DAA-4D30-A45A-89D09F0777E4}"
EndProject
Global
	GlobalSection(SolutionConfigurationPlatforms) = preSolution
		Ad-Hoc|Any CPU = Ad-Hoc|Any CPU
		Ad-Hoc|iPhone = Ad-Hoc|iPhone
		Ad-Hoc|iPhoneSimulator = Ad-Hoc|iPhoneSimulator
		AppStore|Any CPU = AppStore|Any CPU
		AppStore|iPhone = AppStore|iPhone
		AppStore|iPhoneSimulator = AppStore|iPhoneSimulator
		Debug|Any CPU = Debug|Any CPU
		Debug|iPhone = Debug|iPhone
		Debug|iPhoneSimulator = Debug|iPhoneSimulator
		Release|Any CPU = Release|Any CPU
		Release|iPhone = Release|iPhone
		Release|iPhoneSimulator = Release|iPhoneSimulator
	EndGlobalSection
	GlobalSection(ProjectConfigurationPlatforms) = postSolution
		{D7C03D27-D7C5-4F97-815B-5E5C23DDB3AE}.Ad-Hoc|Any CPU.ActiveCfg = Release|Any CPU
		{D7C03D27-D7C5-4F97-815B-5E5C23DDB3AE}.Ad-Hoc|Any CPU.Build.0 = Release|Any CPU
		{D7C03D27-D7C5-4F97-815B-5E5C23DDB3AE}.Ad-Hoc|Any CPU.Deploy.0 = Release|Any CPU
		{D7C03D27-D7C5-4F97-815B-5E5C23DDB3AE}.Ad-Hoc|iPhone.ActiveCfg = Release|Any CPU
		{D7C03D27-D7C5-4F97-815B-5E5C23DDB3AE}.Ad-Hoc|iPhone.Build.0 = Release|Any CPU
		{D7C03D27-D7C5-4F97-815B-5E5C23DDB3AE}.Ad-Hoc|iPhone.Deploy.0 = Release|Any CPU
		{D7C03D27-D7C5-4F97-815B-5E5C23DDB3AE}.Ad-Hoc|iPhoneSimulator.ActiveCfg = Release|Any CPU
		{D7C03D27-D7C5-4F97-815B-5E5C23DDB3AE}.Ad-Hoc|iPhoneSimulator.Build.0 = Release|Any CPU
		{D7C03D27-D7C5-4F97-815B-5E5C23DDB3AE}.Ad-Hoc|iPhoneSimulator.Deploy.0 = Release|Any CPU
		{D7C03D27-D7C5-4F97-815B-5E5C23DDB3AE}.AppStore|Any CPU.ActiveCfg = Release|Any CPU
		{D7C03D27-D7C5-4F97-815B-5E5C23DDB3AE}.AppStore|Any CPU.Build.0 = Release|Any CPU
		{D7C03D27-D7C5-4F97-815B-5E5C23DDB3AE}.AppStore|Any CPU.Deploy.0 = Release|Any CPU
		{D7C03D27-D7C5-4F97-815B-5E5C23DDB3AE}.AppStore|iPhone.ActiveCfg = Release|Any CPU
		{D7C03D27-D7C5-4F97-815B-5E5C23DDB3AE}.AppStore|iPhone.Build.0 = Release|Any CPU
		{D7C03D27-D7C5-4F97-815B-5E5C23DDB3AE}.AppStore|iPhone.Deploy.0 = Release|Any CPU
		{D7C03D27-D7C5-4F97-815B-5E5C23DDB3AE}.AppStore|iPhoneSimulator.ActiveCfg = Release|Any CPU
		{D7C03D27-D7C5-4F97-815B-5E5C23DDB3AE}.AppStore|iPhoneSimulator.Build.0 = Release|Any CPU
		{D7C03D27-D7C5-4F97-815B-5E5C23DDB3AE}.AppStore|iPhoneSimulator.Deploy.0 = Release|Any CPU
		{D7C03D27-D7C5-4F97-815B-5E5C23DDB3AE}.Debug|Any CPU.ActiveCfg = Debug|Any CPU
		{D7C03D27-D7C5-4F97-815B-5E5C23DDB3AE}.Debug|Any CPU.Build.0 = Debug|Any CPU
		{D7C03D27-D7C5-4F97-815B-5E5C23DDB3AE}.Debug|Any CPU.Deploy.0 = Debug|Any CPU
		{D7C03D27-D7C5-4F97-815B-5E5C23DDB3AE}.Debug|iPhone.ActiveCfg = Debug|Any CPU
		{D7C03D27-D7C5-4F97-815B-5E5C23DDB3AE}.Debug|iPhone.Build.0 = Debug|Any CPU
		{D7C03D27-D7C5-4F97-815B-5E5C23DDB3AE}.Debug|iPhone.Deploy.0 = Debug|Any CPU
		{D7C03D27-D7C5-4F97-815B-5E5C23DDB3AE}.Debug|iPhoneSimulator.ActiveCfg = Debug|Any CPU
		{D7C03D27-D7C5-4F97-815B-5E5C23DDB3AE}.Debug|iPhoneSimulator.Build.0 = Debug|Any CPU
		{D7C03D27-D7C5-4F97-815B-5E5C23DDB3AE}.Debug|iPhoneSimulator.Deploy.0 = Debug|Any CPU
		{D7C03D27-D7C5-4F97-815B-5E5C23DDB3AE}.Release|Any CPU.ActiveCfg = Release|Any CPU
		{D7C03D27-D7C5-4F97-815B-5E5C23DDB3AE}.Release|Any CPU.Build.0 = Release|Any CPU
		{D7C03D27-D7C5-4F97-815B-5E5C23DDB3AE}.Release|Any CPU.Deploy.0 = Release|Any CPU
		{D7C03D27-D7C5-4F97-815B-5E5C23DDB3AE}.Release|iPhone.ActiveCfg = Release|Any CPU
		{D7C03D27-D7C5-4F97-815B-5E5C23DDB3AE}.Release|iPhone.Build.0 = Release|Any CPU
		{D7C03D27-D7C5-4F97-815B-5E5C23DDB3AE}.Release|iPhone.Deploy.0 = Release|Any CPU
		{D7C03D27-D7C5-4F97-815B-5E5C23DDB3AE}.Release|iPhoneSimulator.ActiveCfg = Release|Any CPU
		{D7C03D27-D7C5-4F97-815B-5E5C23DDB3AE}.Release|iPhoneSimulator.Build.0 = Release|Any CPU
		{D7C03D27-D7C5-4F97-815B-5E5C23DDB3AE}.Release|iPhoneSimulator.Deploy.0 = Release|Any CPU
		{ACEE640E-9A02-42C9-861A-57D122CA9E13}.Ad-Hoc|Any CPU.ActiveCfg = Ad-Hoc|iPhone
		{ACEE640E-9A02-42C9-861A-57D122CA9E13}.Ad-Hoc|Any CPU.Build.0 = Ad-Hoc|iPhone
		{ACEE640E-9A02-42C9-861A-57D122CA9E13}.Ad-Hoc|Any CPU.Deploy.0 = Ad-Hoc|iPhone
		{ACEE640E-9A02-42C9-861A-57D122CA9E13}.Ad-Hoc|iPhone.ActiveCfg = Ad-Hoc|iPhone
		{ACEE640E-9A02-42C9-861A-57D122CA9E13}.Ad-Hoc|iPhone.Build.0 = Ad-Hoc|iPhone
		{ACEE640E-9A02-42C9-861A-57D122CA9E13}.Ad-Hoc|iPhone.Deploy.0 = Ad-Hoc|iPhone
		{ACEE640E-9A02-42C9-861A-57D122CA9E13}.Ad-Hoc|iPhoneSimulator.ActiveCfg = Ad-Hoc|iPhoneSimulator
		{ACEE640E-9A02-42C9-861A-57D122CA9E13}.Ad-Hoc|iPhoneSimulator.Build.0 = Ad-Hoc|iPhoneSimulator
		{ACEE640E-9A02-42C9-861A-57D122CA9E13}.Ad-Hoc|iPhoneSimulator.Deploy.0 = Ad-Hoc|iPhoneSimulator
		{ACEE640E-9A02-42C9-861A-57D122CA9E13}.AppStore|Any CPU.ActiveCfg = AppStore|iPhone
		{ACEE640E-9A02-42C9-861A-57D122CA9E13}.AppStore|Any CPU.Build.0 = AppStore|iPhone
		{ACEE640E-9A02-42C9-861A-57D122CA9E13}.AppStore|Any CPU.Deploy.0 = AppStore|iPhone
		{ACEE640E-9A02-42C9-861A-57D122CA9E13}.AppStore|iPhone.ActiveCfg = AppStore|iPhone
		{ACEE640E-9A02-42C9-861A-57D122CA9E13}.AppStore|iPhone.Build.0 = AppStore|iPhone
		{ACEE640E-9A02-42C9-861A-57D122CA9E13}.AppStore|iPhone.Deploy.0 = AppStore|iPhone
		{ACEE640E-9A02-42C9-861A-57D122CA9E13}.AppStore|iPhoneSimulator.ActiveCfg = AppStore|iPhoneSimulator
		{ACEE640E-9A02-42C9-861A-57D122CA9E13}.AppStore|iPhoneSimulator.Build.0 = AppStore|iPhoneSimulator
		{ACEE640E-9A02-42C9-861A-57D122CA9E13}.AppStore|iPhoneSimulator.Deploy.0 = AppStore|iPhoneSimulator
		{ACEE640E-9A02-42C9-861A-57D122CA9E13}.Debug|Any CPU.ActiveCfg = Debug|iPhoneSimulator
		{ACEE640E-9A02-42C9-861A-57D122CA9E13}.Debug|Any CPU.Build.0 = Debug|iPhoneSimulator
		{ACEE640E-9A02-42C9-861A-57D122CA9E13}.Debug|Any CPU.Deploy.0 = Debug|iPhoneSimulator
		{ACEE640E-9A02-42C9-861A-57D122CA9E13}.Debug|iPhone.ActiveCfg = Debug|iPhone
		{ACEE640E-9A02-42C9-861A-57D122CA9E13}.Debug|iPhone.Build.0 = Debug|iPhone
		{ACEE640E-9A02-42C9-861A-57D122CA9E13}.Debug|iPhone.Deploy.0 = Debug|iPhone
		{ACEE640E-9A02-42C9-861A-57D122CA9E13}.Debug|iPhoneSimulator.ActiveCfg = Debug|iPhoneSimulator
		{ACEE640E-9A02-42C9-861A-57D122CA9E13}.Debug|iPhoneSimulator.Build.0 = Debug|iPhoneSimulator
		{ACEE640E-9A02-42C9-861A-57D122CA9E13}.Debug|iPhoneSimulator.Deploy.0 = Debug|iPhoneSimulator
		{ACEE640E-9A02-42C9-861A-57D122CA9E13}.Release|Any CPU.ActiveCfg = Release|iPhone
		{ACEE640E-9A02-42C9-861A-57D122CA9E13}.Release|Any CPU.Build.0 = Release|iPhone
		{ACEE640E-9A02-42C9-861A-57D122CA9E13}.Release|Any CPU.Deploy.0 = Release|iPhone
		{ACEE640E-9A02-42C9-861A-57D122CA9E13}.Release|iPhone.ActiveCfg = Release|iPhone
		{ACEE640E-9A02-42C9-861A-57D122CA9E13}.Release|iPhone.Build.0 = Release|iPhone
		{ACEE640E-9A02-42C9-861A-57D122CA9E13}.Release|iPhone.Deploy.0 = Release|iPhone
		{ACEE640E-9A02-42C9-861A-57D122CA9E13}.Release|iPhoneSimulator.ActiveCfg = Release|iPhoneSimulator
		{ACEE640E-9A02-42C9-861A-57D122CA9E13}.Release|iPhoneSimulator.Build.0 = Release|iPhoneSimulator
		{ACEE640E-9A02-42C9-861A-57D122CA9E13}.Release|iPhoneSimulator.Deploy.0 = Release|iPhoneSimulator
		{667359CE-7DAA-4D30-A45A-89D09F0777E4}.Ad-Hoc|Any CPU.ActiveCfg = Debug|Any CPU
		{667359CE-7DAA-4D30-A45A-89D09F0777E4}.Ad-Hoc|Any CPU.Build.0 = Debug|Any CPU
		{667359CE-7DAA-4D30-A45A-89D09F0777E4}.Ad-Hoc|Any CPU.Deploy.0 = Debug|Any CPU
		{667359CE-7DAA-4D30-A45A-89D09F0777E4}.Ad-Hoc|iPhone.ActiveCfg = Debug|Any CPU
		{667359CE-7DAA-4D30-A45A-89D09F0777E4}.Ad-Hoc|iPhone.Build.0 = Debug|Any CPU
		{667359CE-7DAA-4D30-A45A-89D09F0777E4}.Ad-Hoc|iPhone.Deploy.0 = Debug|Any CPU
		{667359CE-7DAA-4D30-A45A-89D09F0777E4}.Ad-Hoc|iPhoneSimulator.ActiveCfg = Debug|Any CPU
		{667359CE-7DAA-4D30-A45A-89D09F0777E4}.Ad-Hoc|iPhoneSimulator.Build.0 = Debug|Any CPU
		{667359CE-7DAA-4D30-A45A-89D09F0777E4}.Ad-Hoc|iPhoneSimulator.Deploy.0 = Debug|Any CPU
		{667359CE-7DAA-4D30-A45A-89D09F0777E4}.AppStore|Any CPU.ActiveCfg = Debug|Any CPU
		{667359CE-7DAA-4D30-A45A-89D09F0777E4}.AppStore|Any CPU.Build.0 = Debug|Any CPU
		{667359CE-7DAA-4D30-A45A-89D09F0777E4}.AppStore|Any CPU.Deploy.0 = Debug|Any CPU
		{667359CE-7DAA-4D30-A45A-89D09F0777E4}.AppStore|iPhone.ActiveCfg = Debug|Any CPU
		{667359CE-7DAA-4D30-A45A-89D09F0777E4}.AppStore|iPhone.Build.0 = Debug|Any CPU
		{667359CE-7DAA-4D30-A45A-89D09F0777E4}.AppStore|iPhone.Deploy.0 = Debug|Any CPU
		{667359CE-7DAA-4D30-A45A-89D09F0777E4}.AppStore|iPhoneSimulator.ActiveCfg = Debug|Any CPU
		{667359CE-7DAA-4D30-A45A-89D09F0777E4}.AppStore|iPhoneSimulator.Build.0 = Debug|Any CPU
		{667359CE-7DAA-4D30-A45A-89D09F0777E4}.AppStore|iPhoneSimulator.Deploy.0 = Debug|Any CPU
		{667359CE-7DAA-4D30-A45A-89D09F0777E4}.Debug|Any CPU.ActiveCfg = Debug|Any CPU
		{667359CE-7DAA-4D30-A45A-89D09F0777E4}.Debug|Any CPU.Build.0 = Debug|Any CPU
		{667359CE-7DAA-4D30-A45A-89D09F0777E4}.Debug|Any CPU.Deploy.0 = Debug|Any CPU
		{667359CE-7DAA-4D30-A45A-89D09F0777E4}.Debug|iPhone.ActiveCfg = Debug|Any CPU
		{667359CE-7DAA-4D30-A45A-89D09F0777E4}.Debug|iPhone.Build.0 = Debug|Any CPU
		{667359CE-7DAA-4D30-A45A-89D09F0777E4}.Debug|iPhone.Deploy.0 = Debug|Any CPU
		{667359CE-7DAA-4D30-A45A-89D09F0777E4}.Debug|iPhoneSimulator.ActiveCfg = Debug|Any CPU
		{667359CE-7DAA-4D30-A45A-89D09F0777E4}.Debug|iPhoneSimulator.Build.0 = Debug|Any CPU
		{667359CE-7DAA-4D30-A45A-89D09F0777E4}.Debug|iPhoneSimulator.Deploy.0 = Debug|Any CPU
		{667359CE-7DAA-4D30-A45A-89D09F0777E4}.Release|Any CPU.ActiveCfg = Release|Any CPU
		{667359CE-7DAA-4D30-A45A-89D09F0777E4}.Release|Any CPU.Build.0 = Release|Any CPU
		{667359CE-7DAA-4D30-A45A-89D09F0777E4}.Release|Any CPU.Deploy.0 = Release|Any CPU
		{667359CE-7DAA-4D30-A45A-89D09F0777E4}.Release|iPhone.ActiveCfg = Release|Any CPU
		{667359CE-7DAA-4D30-A45A-89D09F0777E4}.Release|iPhone.Build.0 = Release|Any CPU
		{667359CE-7DAA-4D30-A45A-89D09F0777E4}.Release|iPhone.Deploy.0 = Release|Any CPU
		{667359CE-7DAA-4D30-A45A-89D09F0777E4}.Release|iPhoneSimulator.ActiveCfg = Release|Any CPU
		{667359CE-7DAA-4D30-A45A-89D09F0777E4}.Release|iPhoneSimulator.Build.0 = Release|Any CPU
		{667359CE-7DAA-4D30-A45A-89D09F0777E4}.Release|iPhoneSimulator.Deploy.0 = Release|Any CPU
	EndGlobalSection
	GlobalSection(SolutionProperties) = preSolution
		HideSolutionNode = FALSE
	EndGlobalSection
	GlobalSection(ExtensibilityGlobals) = postSolution
		SolutionGuid = {716B81AA-3406-4861-B956-846737DC7821}
	EndGlobalSection
EndGlobal
